
Microsoft Visual Studio Solution File, Format Version 12.00
# Visual Studio Version 16
VisualStudioVersion = 16.0.29503.13
MinimumVisualStudioVersion = 10.0.40219.1
Project("{9A19103F-16F7-4668-BE54-9A1E7A4F7556}") = "FX.Core.IO", "FX.Core.IO\FX.Core.IO.csproj", "{8E527483-4860-4EC6-972C-1B9CBCEE235E}"
EndProject
Project("{9A19103F-16F7-4668-BE54-9A1E7A4F7556}") = "FX.Core.Tests", "FX.Core.Tests\FX.Core.Tests.csproj", "{2946A91A-64A5-4B7F-9B9D-35FE376D8CED}"
EndProject
Project("{9A19103F-16F7-4668-BE54-9A1E7A4F7556}") = "FX.Core.Chronos", "FX.Core.Chronos\FX.Core.Chronos.csproj", "{2282BB36-CE53-4D81-A2E9-7A25ADC6A784}"
EndProject
Project("{9A19103F-16F7-4668-BE54-9A1E7A4F7556}") = "FX.Core.Common", "FX.Core.Common\FX.Core.Common.csproj", "{997CB9C2-5DD2-4F2A-81FD-0222603AD349}"
EndProject
Project("{9A19103F-16F7-4668-BE54-9A1E7A4F7556}") = "FX.Core.Storage", "FX.Core.Storage\FX.Core.Storage.csproj", "{BF96EBA4-9C1D-4628-B513-178FD00A375F}"
EndProject
Project("{9A19103F-16F7-4668-BE54-9A1E7A4F7556}") = "Fx.Core.Crypto", "Fx.Core.Crypto\Fx.Core.Crypto.csproj", "{C0D504A3-FD2D-4769-8E04-D6A7C34EA95C}"
EndProject
Project("{9A19103F-16F7-4668-BE54-9A1E7A4F7556}") = "FX.Core.Config", "FX.Core.Config\FX.Core.Config.csproj", "{2CA355A0-3390-400F-A82F-7934CFCDCBF0}"
EndProject
Project("{9A19103F-16F7-4668-BE54-9A1E7A4F7556}") = "FX.Core.OCR", "FX.Core.OCR\FX.Core.OCR.csproj", "{1E86ADDB-02FE-4308-8F35-6950271D4802}"
EndProject
Project("{2150E333-8FDC-42A3-9474-1A3956D46DE8}") = "FrameworkExtensions", "FrameworkExtensions", "{8382D193-870D-46DB-A9CB-66A04C5D3C64}"
EndProject
Project("{9A19103F-16F7-4668-BE54-9A1E7A4F7556}") = "Extensions.NetStandard", "FrameworkExtensions\Extensions.NetStandard\Extensions.NetStandard.csproj", "{AB325374-3132-4D85-988F-A7DB16A9A095}"
EndProject
Project("{9A19103F-16F7-4668-BE54-9A1E7A4F7556}") = "Extensions.NetCore", "FrameworkExtensions\Extensions.NetCore\Extensions.NetCore.csproj", "{7B153C51-F45F-4D1E-9BE5-1A4BBED088C9}"
EndProject
Project("{FAE04EC0-301F-11D3-BF4B-00C04F79EFBC}") = "FX.Core.Database", "FX.Core.Database\FX.Core.Database.csproj", "{DBF47C6E-0AC4-4C2A-BF94-067C17D1B2E7}"
EndProject
Global
	GlobalSection(SolutionConfigurationPlatforms) = preSolution
		Debug|Any CPU = Debug|Any CPU
		Release|Any CPU = Release|Any CPU
	EndGlobalSection
	GlobalSection(ProjectConfigurationPlatforms) = postSolution
		{8E527483-4860-4EC6-972C-1B9CBCEE235E}.Debug|Any CPU.ActiveCfg = Debug|Any CPU
		{8E527483-4860-4EC6-972C-1B9CBCEE235E}.Debug|Any CPU.Build.0 = Debug|Any CPU
		{8E527483-4860-4EC6-972C-1B9CBCEE235E}.Release|Any CPU.ActiveCfg = Release|Any CPU
		{8E527483-4860-4EC6-972C-1B9CBCEE235E}.Release|Any CPU.Build.0 = Release|Any CPU
		{2946A91A-64A5-4B7F-9B9D-35FE376D8CED}.Debug|Any CPU.ActiveCfg = Debug|Any CPU
		{2946A91A-64A5-4B7F-9B9D-35FE376D8CED}.Debug|Any CPU.Build.0 = Debug|Any CPU
		{2946A91A-64A5-4B7F-9B9D-35FE376D8CED}.Release|Any CPU.ActiveCfg = Release|Any CPU
		{2946A91A-64A5-4B7F-9B9D-35FE376D8CED}.Release|Any CPU.Build.0 = Release|Any CPU
		{2282BB36-CE53-4D81-A2E9-7A25ADC6A784}.Debug|Any CPU.ActiveCfg = Debug|Any CPU
		{2282BB36-CE53-4D81-A2E9-7A25ADC6A784}.Debug|Any CPU.Build.0 = Debug|Any CPU
		{2282BB36-CE53-4D81-A2E9-7A25ADC6A784}.Release|Any CPU.ActiveCfg = Release|Any CPU
		{2282BB36-CE53-4D81-A2E9-7A25ADC6A784}.Release|Any CPU.Build.0 = Release|Any CPU
		{997CB9C2-5DD2-4F2A-81FD-0222603AD349}.Debug|Any CPU.ActiveCfg = Debug|Any CPU
		{997CB9C2-5DD2-4F2A-81FD-0222603AD349}.Debug|Any CPU.Build.0 = Debug|Any CPU
		{997CB9C2-5DD2-4F2A-81FD-0222603AD349}.Release|Any CPU.ActiveCfg = Release|Any CPU
		{997CB9C2-5DD2-4F2A-81FD-0222603AD349}.Release|Any CPU.Build.0 = Release|Any CPU
		{BF96EBA4-9C1D-4628-B513-178FD00A375F}.Debug|Any CPU.ActiveCfg = Debug|Any CPU
		{BF96EBA4-9C1D-4628-B513-178FD00A375F}.Debug|Any CPU.Build.0 = Debug|Any CPU
		{BF96EBA4-9C1D-4628-B513-178FD00A375F}.Release|Any CPU.ActiveCfg = Release|Any CPU
		{BF96EBA4-9C1D-4628-B513-178FD00A375F}.Release|Any CPU.Build.0 = Release|Any CPU
		{C0D504A3-FD2D-4769-8E04-D6A7C34EA95C}.Debug|Any CPU.ActiveCfg = Debug|Any CPU
		{C0D504A3-FD2D-4769-8E04-D6A7C34EA95C}.Debug|Any CPU.Build.0 = Debug|Any CPU
		{C0D504A3-FD2D-4769-8E04-D6A7C34EA95C}.Release|Any CPU.ActiveCfg = Release|Any CPU
		{C0D504A3-FD2D-4769-8E04-D6A7C34EA95C}.Release|Any CPU.Build.0 = Release|Any CPU
		{2CA355A0-3390-400F-A82F-7934CFCDCBF0}.Debug|Any CPU.ActiveCfg = Debug|Any CPU
		{2CA355A0-3390-400F-A82F-7934CFCDCBF0}.Debug|Any CPU.Build.0 = Debug|Any CPU
		{2CA355A0-3390-400F-A82F-7934CFCDCBF0}.Release|Any CPU.ActiveCfg = Release|Any CPU
		{2CA355A0-3390-400F-A82F-7934CFCDCBF0}.Release|Any CPU.Build.0 = Release|Any CPU
		{1E86ADDB-02FE-4308-8F35-6950271D4802}.Debug|Any CPU.ActiveCfg = Debug|Any CPU
		{1E86ADDB-02FE-4308-8F35-6950271D4802}.Debug|Any CPU.Build.0 = Debug|Any CPU
		{1E86ADDB-02FE-4308-8F35-6950271D4802}.Release|Any CPU.ActiveCfg = Release|Any CPU
		{1E86ADDB-02FE-4308-8F35-6950271D4802}.Release|Any CPU.Build.0 = Release|Any CPU
		{AB325374-3132-4D85-988F-A7DB16A9A095}.Debug|Any CPU.ActiveCfg = Debug|Any CPU
		{AB325374-3132-4D85-988F-A7DB16A9A095}.Debug|Any CPU.Build.0 = Debug|Any CPU
		{AB325374-3132-4D85-988F-A7DB16A9A095}.Release|Any CPU.ActiveCfg = Release|Any CPU
		{AB325374-3132-4D85-988F-A7DB16A9A095}.Release|Any CPU.Build.0 = Release|Any CPU
		{7B153C51-F45F-4D1E-9BE5-1A4BBED088C9}.Debug|Any CPU.ActiveCfg = Debug|Any CPU
		{7B153C51-F45F-4D1E-9BE5-1A4BBED088C9}.Debug|Any CPU.Build.0 = Debug|Any CPU
		{7B153C51-F45F-4D1E-9BE5-1A4BBED088C9}.Release|Any CPU.ActiveCfg = Release|Any CPU
		{7B153C51-F45F-4D1E-9BE5-1A4BBED088C9}.Release|Any CPU.Build.0 = Release|Any CPU
		{DBF47C6E-0AC4-4C2A-BF94-067C17D1B2E7}.Debug|Any CPU.ActiveCfg = Debug|Any CPU
		{DBF47C6E-0AC4-4C2A-BF94-067C17D1B2E7}.Debug|Any CPU.Build.0 = Debug|Any CPU
		{DBF47C6E-0AC4-4C2A-BF94-067C17D1B2E7}.Release|Any CPU.ActiveCfg = Release|Any CPU
		{DBF47C6E-0AC4-4C2A-BF94-067C17D1B2E7}.Release|Any CPU.Build.0 = Release|Any CPU
	EndGlobalSection
	GlobalSection(SolutionProperties) = preSolution
		HideSolutionNode = FALSE
	EndGlobalSection
	GlobalSection(NestedProjects) = preSolution
		{AB325374-3132-4D85-988F-A7DB16A9A095} = {8382D193-870D-46DB-A9CB-66A04C5D3C64}
		{7B153C51-F45F-4D1E-9BE5-1A4BBED088C9} = {8382D193-870D-46DB-A9CB-66A04C5D3C64}
	EndGlobalSection
	GlobalSection(ExtensibilityGlobals) = postSolution
		SolutionGuid = {DD598E07-9AA9-4A2D-861C-B2B74078995F}
	EndGlobalSection
EndGlobal
